
Microsoft Visual Studio Solution File, Format Version 12.00
# Visual Studio Version 17
VisualStudioVersion = 17.2.32630.192
MinimumVisualStudioVersion = 10.0.40219.1
Project("{2150E333-8FDC-42A3-9474-1A3956D46DE8}") = "MachineSense_Webhook.API", "MachineSense_Webhook.API", "{46A2975B-132B-40C9-944E-B30F92EB1DC8}"
EndProject
Project("{9A19103F-16F7-4668-BE54-9A1E7A4F7556}") = "MachineSense_Webhook.API", "MachineSense_Webhook.API\MachineSense_Webhook.API.csproj", "{7EDE64FE-22DA-4CB2-839A-4BF945F80437}"
EndProject
Project("{2150E333-8FDC-42A3-9474-1A3956D46DE8}") = "MachineSense_WebHook.Application", "MachineSense_WebHook.Application", "{A377ACA7-E951-4F21-8E39-A85A60F3F7F2}"
EndProject
Project("{2150E333-8FDC-42A3-9474-1A3956D46DE8}") = "MachineSense_WebHook.Domain", "MachineSense_WebHook.Domain", "{CDB78E10-D194-4C4B-95DF-9B295835C2AB}"
EndProject
Project("{2150E333-8FDC-42A3-9474-1A3956D46DE8}") = "MachineSense_WebHook.Infraestructure", "MachineSense_WebHook.Infraestructure", "{FC8378AA-E80A-46B4-9D7C-5FFEBD363D9A}"
EndProject
Project("{2150E333-8FDC-42A3-9474-1A3956D46DE8}") = "MachineSense_WebHook.Entities", "MachineSense_WebHook.Entities", "{850196B0-89AF-4285-9B94-C87A63EA5D39}"
EndProject
Project("{FAE04EC0-301F-11D3-BF4B-00C04F79EFBC}") = "MachineSense_Webhook.Entities", "MachineSense_WebHook.Entities\MachineSense_Webhook.Entities.csproj", "{C450D64A-82FB-42DE-BC55-1E4E23A7605C}"
EndProject
Project("{FAE04EC0-301F-11D3-BF4B-00C04F79EFBC}") = "MachineSense_Webhook.Domain", "MachineSense_Webhook.Domain\MachineSense_Webhook.Domain.csproj", "{BE421ED6-22C5-4D17-9E4A-D8E4454BD16C}"
EndProject
Project("{FAE04EC0-301F-11D3-BF4B-00C04F79EFBC}") = "MachineSense_Webhook.Infraestructure", "MachineSense_Webhook.Infraestructure\MachineSense_Webhook.Infraestructure.csproj", "{78DF8656-4B2B-44D1-9803-CFFF6650E159}"
EndProject
Project("{FAE04EC0-301F-11D3-BF4B-00C04F79EFBC}") = "MachineSenseWebhook.Application", "MachineSenseWebhook.Application\MachineSenseWebhook.Application.csproj", "{950F0FE3-8685-4535-817A-72662C9E4CC2}"
EndProject
Global
	GlobalSection(SolutionConfigurationPlatforms) = preSolution
		Debug|Any CPU = Debug|Any CPU
		Release|Any CPU = Release|Any CPU
	EndGlobalSection
	GlobalSection(ProjectConfigurationPlatforms) = postSolution
		{7EDE64FE-22DA-4CB2-839A-4BF945F80437}.Debug|Any CPU.ActiveCfg = Debug|Any CPU
		{7EDE64FE-22DA-4CB2-839A-4BF945F80437}.Debug|Any CPU.Build.0 = Debug|Any CPU
		{7EDE64FE-22DA-4CB2-839A-4BF945F80437}.Release|Any CPU.ActiveCfg = Release|Any CPU
		{7EDE64FE-22DA-4CB2-839A-4BF945F80437}.Release|Any CPU.Build.0 = Release|Any CPU
		{C450D64A-82FB-42DE-BC55-1E4E23A7605C}.Debug|Any CPU.ActiveCfg = Debug|Any CPU
		{C450D64A-82FB-42DE-BC55-1E4E23A7605C}.Debug|Any CPU.Build.0 = Debug|Any CPU
		{C450D64A-82FB-42DE-BC55-1E4E23A7605C}.Release|Any CPU.ActiveCfg = Release|Any CPU
		{C450D64A-82FB-42DE-BC55-1E4E23A7605C}.Release|Any CPU.Build.0 = Release|Any CPU
		{BE421ED6-22C5-4D17-9E4A-D8E4454BD16C}.Debug|Any CPU.ActiveCfg = Debug|Any CPU
		{BE421ED6-22C5-4D17-9E4A-D8E4454BD16C}.Debug|Any CPU.Build.0 = Debug|Any CPU
		{BE421ED6-22C5-4D17-9E4A-D8E4454BD16C}.Release|Any CPU.ActiveCfg = Release|Any CPU
		{BE421ED6-22C5-4D17-9E4A-D8E4454BD16C}.Release|Any CPU.Build.0 = Release|Any CPU
		{78DF8656-4B2B-44D1-9803-CFFF6650E159}.Debug|Any CPU.ActiveCfg = Debug|Any CPU
		{78DF8656-4B2B-44D1-9803-CFFF6650E159}.Debug|Any CPU.Build.0 = Debug|Any CPU
		{78DF8656-4B2B-44D1-9803-CFFF6650E159}.Release|Any CPU.ActiveCfg = Release|Any CPU
		{78DF8656-4B2B-44D1-9803-CFFF6650E159}.Release|Any CPU.Build.0 = Release|Any CPU
		{950F0FE3-8685-4535-817A-72662C9E4CC2}.Debug|Any CPU.ActiveCfg = Debug|Any CPU
		{950F0FE3-8685-4535-817A-72662C9E4CC2}.Debug|Any CPU.Build.0 = Debug|Any CPU
		{950F0FE3-8685-4535-817A-72662C9E4CC2}.Release|Any CPU.ActiveCfg = Release|Any CPU
		{950F0FE3-8685-4535-817A-72662C9E4CC2}.Release|Any CPU.Build.0 = Release|Any CPU
	EndGlobalSection
	GlobalSection(SolutionProperties) = preSolution
		HideSolutionNode = FALSE
	EndGlobalSection
	GlobalSection(NestedProjects) = preSolution
		{7EDE64FE-22DA-4CB2-839A-4BF945F80437} = {46A2975B-132B-40C9-944E-B30F92EB1DC8}
		{C450D64A-82FB-42DE-BC55-1E4E23A7605C} = {850196B0-89AF-4285-9B94-C87A63EA5D39}
		{BE421ED6-22C5-4D17-9E4A-D8E4454BD16C} = {CDB78E10-D194-4C4B-95DF-9B295835C2AB}
		{78DF8656-4B2B-44D1-9803-CFFF6650E159} = {FC8378AA-E80A-46B4-9D7C-5FFEBD363D9A}
		{950F0FE3-8685-4535-817A-72662C9E4CC2} = {A377ACA7-E951-4F21-8E39-A85A60F3F7F2}
	EndGlobalSection
	GlobalSection(ExtensibilityGlobals) = postSolution
		SolutionGuid = {BB7D7580-EAB9-46DE-AEB4-6FA2A6933BC4}
	EndGlobalSection
EndGlobal
