
Microsoft Visual Studio Solution File, Format Version 12.00
# Visual Studio Version 17
VisualStudioVersion = 17.2.32630.192
MinimumVisualStudioVersion = 10.0.40219.1
Project("{2150E333-8FDC-42A3-9474-1A3956D46DE8}") = "MachineSense_Webhook.API", "MachineSense_Webhook.API", "{46A2975B-132B-40C9-944E-B30F92EB1DC8}"
EndProject
Project("{FAE04EC0-301F-11D3-BF4B-00C04F79EFBC}") = "MachineSense_Webhook.API", "MachineSense_Webhook.API\MachineSense_Webhook.API.csproj", "{7EDE64FE-22DA-4CB2-839A-4BF945F80437}"
EndProject
Global
	GlobalSection(SolutionConfigurationPlatforms) = preSolution
		Debug|Any CPU = Debug|Any CPU
		Release|Any CPU = Release|Any CPU
	EndGlobalSection
	GlobalSection(ProjectConfigurationPlatforms) = postSolution
		{7EDE64FE-22DA-4CB2-839A-4BF945F80437}.Debug|Any CPU.ActiveCfg = Debug|Any CPU
		{7EDE64FE-22DA-4CB2-839A-4BF945F80437}.Debug|Any CPU.Build.0 = Debug|Any CPU
		{7EDE64FE-22DA-4CB2-839A-4BF945F80437}.Release|Any CPU.ActiveCfg = Release|Any CPU
		{7EDE64FE-22DA-4CB2-839A-4BF945F80437}.Release|Any CPU.Build.0 = Release|Any CPU
	EndGlobalSection
	GlobalSection(SolutionProperties) = preSolution
		HideSolutionNode = FALSE
	EndGlobalSection
	GlobalSection(NestedProjects) = preSolution
		{7EDE64FE-22DA-4CB2-839A-4BF945F80437} = {46A2975B-132B-40C9-944E-B30F92EB1DC8}
	EndGlobalSection
	GlobalSection(ExtensibilityGlobals) = postSolution
		SolutionGuid = {BB7D7580-EAB9-46DE-AEB4-6FA2A6933BC4}
	EndGlobalSection
EndGlobal
